// !$*UTF8*$!
{
	archiveVersion = 1;
	classes = {
	};
	objectVersion = 46;
	objects = {

/* Begin PBXBuildFile section */
		D237852B1D12EAED00C36E39 /* main.m in Sources */ = {isa = PBXBuildFile; fileRef = D237852A1D12EAED00C36E39 /* main.m */; };
		D237852E1D12EAED00C36E39 /* AppDelegate.m in Sources */ = {isa = PBXBuildFile; fileRef = D237852D1D12EAED00C36E39 /* AppDelegate.m */; };
		D23785311D12EAED00C36E39 /* ViewController.m in Sources */ = {isa = PBXBuildFile; fileRef = D23785301D12EAED00C36E39 /* ViewController.m */; };
		D23785361D12EAED00C36E39 /* Assets.xcassets in Resources */ = {isa = PBXBuildFile; fileRef = D23785351D12EAED00C36E39 /* Assets.xcassets */; };
		D23785391D12EAED00C36E39 /* LaunchScreen.storyboard in Resources */ = {isa = PBXBuildFile; fileRef = D23785371D12EAED00C36E39 /* LaunchScreen.storyboard */; };
		D23785441D12EAED00C36E39 /* FJSCircleProgressImageViewTests.m in Sources */ = {isa = PBXBuildFile; fileRef = D23785431D12EAED00C36E39 /* FJSCircleProgressImageViewTests.m */; };
		D237854F1D12EAED00C36E39 /* FJSCircleProgressImageViewUITests.m in Sources */ = {isa = PBXBuildFile; fileRef = D237854E1D12EAED00C36E39 /* FJSCircleProgressImageViewUITests.m */; };
		D237855F1D12EBD100C36E39 /* FJSCircleProgressImageView.m in Sources */ = {isa = PBXBuildFile; fileRef = D237855E1D12EBD100C36E39 /* FJSCircleProgressImageView.m */; };
		D23785621D12EBDE00C36E39 /* FJSProgressView.m in Sources */ = {isa = PBXBuildFile; fileRef = D23785611D12EBDE00C36E39 /* FJSProgressView.m */; };
		D23785851D12EC0100C36E39 /* MKAnnotationView+WebCache.m in Sources */ = {isa = PBXBuildFile; fileRef = D23785651D12EC0100C36E39 /* MKAnnotationView+WebCache.m */; };
		D23785861D12EC0100C36E39 /* NSData+ImageContentType.m in Sources */ = {isa = PBXBuildFile; fileRef = D23785671D12EC0100C36E39 /* NSData+ImageContentType.m */; };
		D23785871D12EC0100C36E39 /* SDImageCache.m in Sources */ = {isa = PBXBuildFile; fileRef = D23785691D12EC0100C36E39 /* SDImageCache.m */; };
		D23785881D12EC0100C36E39 /* SDWebImageCompat.m in Sources */ = {isa = PBXBuildFile; fileRef = D237856B1D12EC0100C36E39 /* SDWebImageCompat.m */; };
		D23785891D12EC0100C36E39 /* SDWebImageDecoder.m in Sources */ = {isa = PBXBuildFile; fileRef = D237856D1D12EC0100C36E39 /* SDWebImageDecoder.m */; };
		D237858A1D12EC0100C36E39 /* SDWebImageDownloader.m in Sources */ = {isa = PBXBuildFile; fileRef = D237856F1D12EC0100C36E39 /* SDWebImageDownloader.m */; };
		D237858B1D12EC0100C36E39 /* SDWebImageDownloaderOperation.m in Sources */ = {isa = PBXBuildFile; fileRef = D23785711D12EC0100C36E39 /* SDWebImageDownloaderOperation.m */; };
		D237858C1D12EC0100C36E39 /* SDWebImageManager.m in Sources */ = {isa = PBXBuildFile; fileRef = D23785731D12EC0100C36E39 /* SDWebImageManager.m */; };
		D237858D1D12EC0100C36E39 /* SDWebImagePrefetcher.m in Sources */ = {isa = PBXBuildFile; fileRef = D23785761D12EC0100C36E39 /* SDWebImagePrefetcher.m */; };
		D237858E1D12EC0100C36E39 /* UIButton+WebCache.m in Sources */ = {isa = PBXBuildFile; fileRef = D23785781D12EC0100C36E39 /* UIButton+WebCache.m */; };
		D237858F1D12EC0100C36E39 /* UIImage+GIF.m in Sources */ = {isa = PBXBuildFile; fileRef = D237857A1D12EC0100C36E39 /* UIImage+GIF.m */; };
		D23785901D12EC0100C36E39 /* UIImage+MultiFormat.m in Sources */ = {isa = PBXBuildFile; fileRef = D237857C1D12EC0100C36E39 /* UIImage+MultiFormat.m */; };
		D23785911D12EC0100C36E39 /* UIImage+WebP.m in Sources */ = {isa = PBXBuildFile; fileRef = D237857E1D12EC0100C36E39 /* UIImage+WebP.m */; };
		D23785921D12EC0100C36E39 /* UIImageView+HighlightedWebCache.m in Sources */ = {isa = PBXBuildFile; fileRef = D23785801D12EC0100C36E39 /* UIImageView+HighlightedWebCache.m */; };
		D23785931D12EC0100C36E39 /* UIImageView+WebCache.m in Sources */ = {isa = PBXBuildFile; fileRef = D23785821D12EC0100C36E39 /* UIImageView+WebCache.m */; };
		D23785941D12EC0100C36E39 /* UIView+WebCacheOperation.m in Sources */ = {isa = PBXBuildFile; fileRef = D23785841D12EC0100C36E39 /* UIView+WebCacheOperation.m */; };
		D23785981D12F39200C36E39 /* Main.storyboard in Resources */ = {isa = PBXBuildFile; fileRef = D23785971D12F39200C36E39 /* Main.storyboard */; };
/* End PBXBuildFile section */

/* Begin PBXContainerItemProxy section */
		D23785401D12EAED00C36E39 /* PBXContainerItemProxy */ = {
			isa = PBXContainerItemProxy;
			containerPortal = D237851E1D12EAED00C36E39 /* Project object */;
			proxyType = 1;
			remoteGlobalIDString = D23785251D12EAED00C36E39;
			remoteInfo = FJSCircleProgressImageView;
		};
		D237854B1D12EAED00C36E39 /* PBXContainerItemProxy */ = {
			isa = PBXContainerItemProxy;
			containerPortal = D237851E1D12EAED00C36E39 /* Project object */;
			proxyType = 1;
			remoteGlobalIDString = D23785251D12EAED00C36E39;
			remoteInfo = FJSCircleProgressImageView;
		};
/* End PBXContainerItemProxy section */

/* Begin PBXFileReference section */
		D23785261D12EAED00C36E39 /* FJSCircleProgressImageView.app */ = {isa = PBXFileReference; explicitFileType = wrapper.application; includeInIndex = 0; path = FJSCircleProgressImageView.app; sourceTree = BUILT_PRODUCTS_DIR; };
		D237852A1D12EAED00C36E39 /* main.m */ = {isa = PBXFileReference; lastKnownFileType = sourcecode.c.objc; path = main.m; sourceTree = "<group>"; };
		D237852C1D12EAED00C36E39 /* AppDelegate.h */ = {isa = PBXFileReference; lastKnownFileType = sourcecode.c.h; path = AppDelegate.h; sourceTree = "<group>"; };
		D237852D1D12EAED00C36E39 /* AppDelegate.m */ = {isa = PBXFileReference; lastKnownFileType = sourcecode.c.objc; path = AppDelegate.m; sourceTree = "<group>"; };
		D237852F1D12EAED00C36E39 /* ViewController.h */ = {isa = PBXFileReference; lastKnownFileType = sourcecode.c.h; path = ViewController.h; sourceTree = "<group>"; };
		D23785301D12EAED00C36E39 /* ViewController.m */ = {isa = PBXFileReference; lastKnownFileType = sourcecode.c.objc; path = ViewController.m; sourceTree = "<group>"; };
		D23785351D12EAED00C36E39 /* Assets.xcassets */ = {isa = PBXFileReference; lastKnownFileType = folder.assetcatalog; path = Assets.xcassets; sourceTree = "<group>"; };
		D23785381D12EAED00C36E39 /* Base */ = {isa = PBXFileReference; lastKnownFileType = file.storyboard; name = Base; path = Base.lproj/LaunchScreen.storyboard; sourceTree = "<group>"; };
		D237853A1D12EAED00C36E39 /* Info.plist */ = {isa = PBXFileReference; lastKnownFileType = text.plist.xml; path = Info.plist; sourceTree = "<group>"; };
		D237853F1D12EAED00C36E39 /* FJSCircleProgressImageViewTests.xctest */ = {isa = PBXFileReference; explicitFileType = wrapper.cfbundle; includeInIndex = 0; path = FJSCircleProgressImageViewTests.xctest; sourceTree = BUILT_PRODUCTS_DIR; };
		D23785431D12EAED00C36E39 /* FJSCircleProgressImageViewTests.m */ = {isa = PBXFileReference; lastKnownFileType = sourcecode.c.objc; path = FJSCircleProgressImageViewTests.m; sourceTree = "<group>"; };
		D23785451D12EAED00C36E39 /* Info.plist */ = {isa = PBXFileReference; lastKnownFileType = text.plist.xml; path = Info.plist; sourceTree = "<group>"; };
		D237854A1D12EAED00C36E39 /* FJSCircleProgressImageViewUITests.xctest */ = {isa = PBXFileReference; explicitFileType = wrapper.cfbundle; includeInIndex = 0; path = FJSCircleProgressImageViewUITests.xctest; sourceTree = BUILT_PRODUCTS_DIR; };
		D237854E1D12EAED00C36E39 /* FJSCircleProgressImageViewUITests.m */ = {isa = PBXFileReference; lastKnownFileType = sourcecode.c.objc; path = FJSCircleProgressImageViewUITests.m; sourceTree = "<group>"; };
		D23785501D12EAED00C36E39 /* Info.plist */ = {isa = PBXFileReference; lastKnownFileType = text.plist.xml; path = Info.plist; sourceTree = "<group>"; };
		D237855D1D12EBD100C36E39 /* FJSCircleProgressImageView.h */ = {isa = PBXFileReference; fileEncoding = 4; lastKnownFileType = sourcecode.c.h; path = FJSCircleProgressImageView.h; sourceTree = "<group>"; };
		D237855E1D12EBD100C36E39 /* FJSCircleProgressImageView.m */ = {isa = PBXFileReference; fileEncoding = 4; lastKnownFileType = sourcecode.c.objc; path = FJSCircleProgressImageView.m; sourceTree = "<group>"; };
		D23785601D12EBDE00C36E39 /* FJSProgressView.h */ = {isa = PBXFileReference; fileEncoding = 4; lastKnownFileType = sourcecode.c.h; path = FJSProgressView.h; sourceTree = "<group>"; };
		D23785611D12EBDE00C36E39 /* FJSProgressView.m */ = {isa = PBXFileReference; fileEncoding = 4; lastKnownFileType = sourcecode.c.objc; path = FJSProgressView.m; sourceTree = "<group>"; };
		D23785641D12EC0100C36E39 /* MKAnnotationView+WebCache.h */ = {isa = PBXFileReference; fileEncoding = 4; lastKnownFileType = sourcecode.c.h; path = "MKAnnotationView+WebCache.h"; sourceTree = "<group>"; };
		D23785651D12EC0100C36E39 /* MKAnnotationView+WebCache.m */ = {isa = PBXFileReference; fileEncoding = 4; lastKnownFileType = sourcecode.c.objc; path = "MKAnnotationView+WebCache.m"; sourceTree = "<group>"; };
		D23785661D12EC0100C36E39 /* NSData+ImageContentType.h */ = {isa = PBXFileReference; fileEncoding = 4; lastKnownFileType = sourcecode.c.h; path = "NSData+ImageContentType.h"; sourceTree = "<group>"; };
		D23785671D12EC0100C36E39 /* NSData+ImageContentType.m */ = {isa = PBXFileReference; fileEncoding = 4; lastKnownFileType = sourcecode.c.objc; path = "NSData+ImageContentType.m"; sourceTree = "<group>"; };
		D23785681D12EC0100C36E39 /* SDImageCache.h */ = {isa = PBXFileReference; fileEncoding = 4; lastKnownFileType = sourcecode.c.h; path = SDImageCache.h; sourceTree = "<group>"; };
		D23785691D12EC0100C36E39 /* SDImageCache.m */ = {isa = PBXFileReference; fileEncoding = 4; lastKnownFileType = sourcecode.c.objc; path = SDImageCache.m; sourceTree = "<group>"; };
		D237856A1D12EC0100C36E39 /* SDWebImageCompat.h */ = {isa = PBXFileReference; fileEncoding = 4; lastKnownFileType = sourcecode.c.h; path = SDWebImageCompat.h; sourceTree = "<group>"; };
		D237856B1D12EC0100C36E39 /* SDWebImageCompat.m */ = {isa = PBXFileReference; fileEncoding = 4; lastKnownFileType = sourcecode.c.objc; path = SDWebImageCompat.m; sourceTree = "<group>"; };
		D237856C1D12EC0100C36E39 /* SDWebImageDecoder.h */ = {isa = PBXFileReference; fileEncoding = 4; lastKnownFileType = sourcecode.c.h; path = SDWebImageDecoder.h; sourceTree = "<group>"; };
		D237856D1D12EC0100C36E39 /* SDWebImageDecoder.m */ = {isa = PBXFileReference; fileEncoding = 4; lastKnownFileType = sourcecode.c.objc; path = SDWebImageDecoder.m; sourceTree = "<group>"; };
		D237856E1D12EC0100C36E39 /* SDWebImageDownloader.h */ = {isa = PBXFileReference; fileEncoding = 4; lastKnownFileType = sourcecode.c.h; path = SDWebImageDownloader.h; sourceTree = "<group>"; };
		D237856F1D12EC0100C36E39 /* SDWebImageDownloader.m */ = {isa = PBXFileReference; fileEncoding = 4; lastKnownFileType = sourcecode.c.objc; path = SDWebImageDownloader.m; sourceTree = "<group>"; };
		D23785701D12EC0100C36E39 /* SDWebImageDownloaderOperation.h */ = {isa = PBXFileReference; fileEncoding = 4; lastKnownFileType = sourcecode.c.h; path = SDWebImageDownloaderOperation.h; sourceTree = "<group>"; };
		D23785711D12EC0100C36E39 /* SDWebImageDownloaderOperation.m */ = {isa = PBXFileReference; fileEncoding = 4; lastKnownFileType = sourcecode.c.objc; path = SDWebImageDownloaderOperation.m; sourceTree = "<group>"; };
		D23785721D12EC0100C36E39 /* SDWebImageManager.h */ = {isa = PBXFileReference; fileEncoding = 4; lastKnownFileType = sourcecode.c.h; path = SDWebImageManager.h; sourceTree = "<group>"; };
		D23785731D12EC0100C36E39 /* SDWebImageManager.m */ = {isa = PBXFileReference; fileEncoding = 4; lastKnownFileType = sourcecode.c.objc; path = SDWebImageManager.m; sourceTree = "<group>"; };
		D23785741D12EC0100C36E39 /* SDWebImageOperation.h */ = {isa = PBXFileReference; fileEncoding = 4; lastKnownFileType = sourcecode.c.h; path = SDWebImageOperation.h; sourceTree = "<group>"; };
		D23785751D12EC0100C36E39 /* SDWebImagePrefetcher.h */ = {isa = PBXFileReference; fileEncoding = 4; lastKnownFileType = sourcecode.c.h; path = SDWebImagePrefetcher.h; sourceTree = "<group>"; };
		D23785761D12EC0100C36E39 /* SDWebImagePrefetcher.m */ = {isa = PBXFileReference; fileEncoding = 4; lastKnownFileType = sourcecode.c.objc; path = SDWebImagePrefetcher.m; sourceTree = "<group>"; };
		D23785771D12EC0100C36E39 /* UIButton+WebCache.h */ = {isa = PBXFileReference; fileEncoding = 4; lastKnownFileType = sourcecode.c.h; path = "UIButton+WebCache.h"; sourceTree = "<group>"; };
		D23785781D12EC0100C36E39 /* UIButton+WebCache.m */ = {isa = PBXFileReference; fileEncoding = 4; lastKnownFileType = sourcecode.c.objc; path = "UIButton+WebCache.m"; sourceTree = "<group>"; };
		D23785791D12EC0100C36E39 /* UIImage+GIF.h */ = {isa = PBXFileReference; fileEncoding = 4; lastKnownFileType = sourcecode.c.h; path = "UIImage+GIF.h"; sourceTree = "<group>"; };
		D237857A1D12EC0100C36E39 /* UIImage+GIF.m */ = {isa = PBXFileReference; fileEncoding = 4; lastKnownFileType = sourcecode.c.objc; path = "UIImage+GIF.m"; sourceTree = "<group>"; };
		D237857B1D12EC0100C36E39 /* UIImage+MultiFormat.h */ = {isa = PBXFileReference; fileEncoding = 4; lastKnownFileType = sourcecode.c.h; path = "UIImage+MultiFormat.h"; sourceTree = "<group>"; };
		D237857C1D12EC0100C36E39 /* UIImage+MultiFormat.m */ = {isa = PBXFileReference; fileEncoding = 4; lastKnownFileType = sourcecode.c.objc; path = "UIImage+MultiFormat.m"; sourceTree = "<group>"; };
		D237857D1D12EC0100C36E39 /* UIImage+WebP.h */ = {isa = PBXFileReference; fileEncoding = 4; lastKnownFileType = sourcecode.c.h; path = "UIImage+WebP.h"; sourceTree = "<group>"; };
		D237857E1D12EC0100C36E39 /* UIImage+WebP.m */ = {isa = PBXFileReference; fileEncoding = 4; lastKnownFileType = sourcecode.c.objc; path = "UIImage+WebP.m"; sourceTree = "<group>"; };
		D237857F1D12EC0100C36E39 /* UIImageView+HighlightedWebCache.h */ = {isa = PBXFileReference; fileEncoding = 4; lastKnownFileType = sourcecode.c.h; path = "UIImageView+HighlightedWebCache.h"; sourceTree = "<group>"; };
		D23785801D12EC0100C36E39 /* UIImageView+HighlightedWebCache.m */ = {isa = PBXFileReference; fileEncoding = 4; lastKnownFileType = sourcecode.c.objc; path = "UIImageView+HighlightedWebCache.m"; sourceTree = "<group>"; };
		D23785811D12EC0100C36E39 /* UIImageView+WebCache.h */ = {isa = PBXFileReference; fileEncoding = 4; lastKnownFileType = sourcecode.c.h; path = "UIImageView+WebCache.h"; sourceTree = "<group>"; };
		D23785821D12EC0100C36E39 /* UIImageView+WebCache.m */ = {isa = PBXFileReference; fileEncoding = 4; lastKnownFileType = sourcecode.c.objc; path = "UIImageView+WebCache.m"; sourceTree = "<group>"; };
		D23785831D12EC0100C36E39 /* UIView+WebCacheOperation.h */ = {isa = PBXFileReference; fileEncoding = 4; lastKnownFileType = sourcecode.c.h; path = "UIView+WebCacheOperation.h"; sourceTree = "<group>"; };
		D23785841D12EC0100C36E39 /* UIView+WebCacheOperation.m */ = {isa = PBXFileReference; fileEncoding = 4; lastKnownFileType = sourcecode.c.objc; path = "UIView+WebCacheOperation.m"; sourceTree = "<group>"; };
		D23785971D12F39200C36E39 /* Main.storyboard */ = {isa = PBXFileReference; fileEncoding = 4; lastKnownFileType = file.storyboard; path = Main.storyboard; sourceTree = "<group>"; };
/* End PBXFileReference section */

/* Begin PBXFrameworksBuildPhase section */
		D23785231D12EAED00C36E39 /* Frameworks */ = {
			isa = PBXFrameworksBuildPhase;
			buildActionMask = 2147483647;
			files = (
			);
			runOnlyForDeploymentPostprocessing = 0;
		};
		D237853C1D12EAED00C36E39 /* Frameworks */ = {
			isa = PBXFrameworksBuildPhase;
			buildActionMask = 2147483647;
			files = (
			);
			runOnlyForDeploymentPostprocessing = 0;
		};
		D23785471D12EAED00C36E39 /* Frameworks */ = {
			isa = PBXFrameworksBuildPhase;
			buildActionMask = 2147483647;
			files = (
			);
			runOnlyForDeploymentPostprocessing = 0;
		};
/* End PBXFrameworksBuildPhase section */

/* Begin PBXGroup section */
		D237851D1D12EAED00C36E39 = {
			isa = PBXGroup;
			children = (
				D23785281D12EAED00C36E39 /* FJSCircleProgressImageView */,
				D23785421D12EAED00C36E39 /* FJSCircleProgressImageViewTests */,
				D237854D1D12EAED00C36E39 /* FJSCircleProgressImageViewUITests */,
				D23785271D12EAED00C36E39 /* Products */,
			);
			sourceTree = "<group>";
		};
		D23785271D12EAED00C36E39 /* Products */ = {
			isa = PBXGroup;
			children = (
				D23785261D12EAED00C36E39 /* FJSCircleProgressImageView.app */,
				D237853F1D12EAED00C36E39 /* FJSCircleProgressImageViewTests.xctest */,
				D237854A1D12EAED00C36E39 /* FJSCircleProgressImageViewUITests.xctest */,
			);
			name = Products;
			sourceTree = "<group>";
		};
		D23785281D12EAED00C36E39 /* FJSCircleProgressImageView */ = {
			isa = PBXGroup;
			children = (
				D23785631D12EC0100C36E39 /* SDWebImage */,
				D237852C1D12EAED00C36E39 /* AppDelegate.h */,
				D237852D1D12EAED00C36E39 /* AppDelegate.m */,
				D237852F1D12EAED00C36E39 /* ViewController.h */,
				D23785301D12EAED00C36E39 /* ViewController.m */,
				D23785971D12F39200C36E39 /* Main.storyboard */,
				D237855C1D12EBAA00C36E39 /* FJSCircleProgressImageView */,
				D23785351D12EAED00C36E39 /* Assets.xcassets */,
				D23785371D12EAED00C36E39 /* LaunchScreen.storyboard */,
				D237853A1D12EAED00C36E39 /* Info.plist */,
				D23785291D12EAED00C36E39 /* Supporting Files */,
			);
			path = FJSCircleProgressImageView;
			sourceTree = "<group>";
		};
		D23785291D12EAED00C36E39 /* Supporting Files */ = {
			isa = PBXGroup;
			children = (
				D237852A1D12EAED00C36E39 /* main.m */,
			);
			name = "Supporting Files";
			sourceTree = "<group>";
		};
		D23785421D12EAED00C36E39 /* FJSCircleProgressImageViewTests */ = {
			isa = PBXGroup;
			children = (
				D23785431D12EAED00C36E39 /* FJSCircleProgressImageViewTests.m */,
				D23785451D12EAED00C36E39 /* Info.plist */,
			);
			path = FJSCircleProgressImageViewTests;
			sourceTree = "<group>";
		};
		D237854D1D12EAED00C36E39 /* FJSCircleProgressImageViewUITests */ = {
			isa = PBXGroup;
			children = (
				D237854E1D12EAED00C36E39 /* FJSCircleProgressImageViewUITests.m */,
				D23785501D12EAED00C36E39 /* Info.plist */,
			);
			path = FJSCircleProgressImageViewUITests;
			sourceTree = "<group>";
		};
		D237855C1D12EBAA00C36E39 /* FJSCircleProgressImageView */ = {
			isa = PBXGroup;
			children = (
				D237855D1D12EBD100C36E39 /* FJSCircleProgressImageView.h */,
				D237855E1D12EBD100C36E39 /* FJSCircleProgressImageView.m */,
				D23785601D12EBDE00C36E39 /* FJSProgressView.h */,
				D23785611D12EBDE00C36E39 /* FJSProgressView.m */,
			);
			name = FJSCircleProgressImageView;
			sourceTree = "<group>";
		};
		D23785631D12EC0100C36E39 /* SDWebImage */ = {
			isa = PBXGroup;
			children = (
				D23785641D12EC0100C36E39 /* MKAnnotationView+WebCache.h */,
				D23785651D12EC0100C36E39 /* MKAnnotationView+WebCache.m */,
				D23785661D12EC0100C36E39 /* NSData+ImageContentType.h */,
				D23785671D12EC0100C36E39 /* NSData+ImageContentType.m */,
				D23785681D12EC0100C36E39 /* SDImageCache.h */,
				D23785691D12EC0100C36E39 /* SDImageCache.m */,
				D237856A1D12EC0100C36E39 /* SDWebImageCompat.h */,
				D237856B1D12EC0100C36E39 /* SDWebImageCompat.m */,
				D237856C1D12EC0100C36E39 /* SDWebImageDecoder.h */,
				D237856D1D12EC0100C36E39 /* SDWebImageDecoder.m */,
				D237856E1D12EC0100C36E39 /* SDWebImageDownloader.h */,
				D237856F1D12EC0100C36E39 /* SDWebImageDownloader.m */,
				D23785701D12EC0100C36E39 /* SDWebImageDownloaderOperation.h */,
				D23785711D12EC0100C36E39 /* SDWebImageDownloaderOperation.m */,
				D23785721D12EC0100C36E39 /* SDWebImageManager.h */,
				D23785731D12EC0100C36E39 /* SDWebImageManager.m */,
				D23785741D12EC0100C36E39 /* SDWebImageOperation.h */,
				D23785751D12EC0100C36E39 /* SDWebImagePrefetcher.h */,
				D23785761D12EC0100C36E39 /* SDWebImagePrefetcher.m */,
				D23785771D12EC0100C36E39 /* UIButton+WebCache.h */,
				D23785781D12EC0100C36E39 /* UIButton+WebCache.m */,
				D23785791D12EC0100C36E39 /* UIImage+GIF.h */,
				D237857A1D12EC0100C36E39 /* UIImage+GIF.m */,
				D237857B1D12EC0100C36E39 /* UIImage+MultiFormat.h */,
				D237857C1D12EC0100C36E39 /* UIImage+MultiFormat.m */,
				D237857D1D12EC0100C36E39 /* UIImage+WebP.h */,
				D237857E1D12EC0100C36E39 /* UIImage+WebP.m */,
				D237857F1D12EC0100C36E39 /* UIImageView+HighlightedWebCache.h */,
				D23785801D12EC0100C36E39 /* UIImageView+HighlightedWebCache.m */,
				D23785811D12EC0100C36E39 /* UIImageView+WebCache.h */,
				D23785821D12EC0100C36E39 /* UIImageView+WebCache.m */,
				D23785831D12EC0100C36E39 /* UIView+WebCacheOperation.h */,
				D23785841D12EC0100C36E39 /* UIView+WebCacheOperation.m */,
			);
			path = SDWebImage;
			sourceTree = "<group>";
		};
/* End PBXGroup section */

/* Begin PBXNativeTarget section */
		D23785251D12EAED00C36E39 /* FJSCircleProgressImageView */ = {
			isa = PBXNativeTarget;
			buildConfigurationList = D23785531D12EAED00C36E39 /* Build configuration list for PBXNativeTarget "FJSCircleProgressImageView" */;
			buildPhases = (
				D23785221D12EAED00C36E39 /* Sources */,
				D23785231D12EAED00C36E39 /* Frameworks */,
				D23785241D12EAED00C36E39 /* Resources */,
			);
			buildRules = (
			);
			dependencies = (
			);
			name = FJSCircleProgressImageView;
			productName = FJSCircleProgressImageView;
			productReference = D23785261D12EAED00C36E39 /* FJSCircleProgressImageView.app */;
			productType = "com.apple.product-type.application";
		};
		D237853E1D12EAED00C36E39 /* FJSCircleProgressImageViewTests */ = {
			isa = PBXNativeTarget;
			buildConfigurationList = D23785561D12EAED00C36E39 /* Build configuration list for PBXNativeTarget "FJSCircleProgressImageViewTests" */;
			buildPhases = (
				D237853B1D12EAED00C36E39 /* Sources */,
				D237853C1D12EAED00C36E39 /* Frameworks */,
				D237853D1D12EAED00C36E39 /* Resources */,
			);
			buildRules = (
			);
			dependencies = (
				D23785411D12EAED00C36E39 /* PBXTargetDependency */,
			);
			name = FJSCircleProgressImageViewTests;
			productName = FJSCircleProgressImageViewTests;
			productReference = D237853F1D12EAED00C36E39 /* FJSCircleProgressImageViewTests.xctest */;
			productType = "com.apple.product-type.bundle.unit-test";
		};
		D23785491D12EAED00C36E39 /* FJSCircleProgressImageViewUITests */ = {
			isa = PBXNativeTarget;
			buildConfigurationList = D23785591D12EAED00C36E39 /* Build configuration list for PBXNativeTarget "FJSCircleProgressImageViewUITests" */;
			buildPhases = (
				D23785461D12EAED00C36E39 /* Sources */,
				D23785471D12EAED00C36E39 /* Frameworks */,
				D23785481D12EAED00C36E39 /* Resources */,
			);
			buildRules = (
			);
			dependencies = (
				D237854C1D12EAED00C36E39 /* PBXTargetDependency */,
			);
			name = FJSCircleProgressImageViewUITests;
			productName = FJSCircleProgressImageViewUITests;
			productReference = D237854A1D12EAED00C36E39 /* FJSCircleProgressImageViewUITests.xctest */;
			productType = "com.apple.product-type.bundle.ui-testing";
		};
/* End PBXNativeTarget section */

/* Begin PBXProject section */
		D237851E1D12EAED00C36E39 /* Project object */ = {
			isa = PBXProject;
			attributes = {
				LastUpgradeCheck = 0730;
				ORGANIZATIONNAME = www.fujinshi.com;
				TargetAttributes = {
					D23785251D12EAED00C36E39 = {
						CreatedOnToolsVersion = 7.3.1;
					};
					D237853E1D12EAED00C36E39 = {
						CreatedOnToolsVersion = 7.3.1;
						TestTargetID = D23785251D12EAED00C36E39;
					};
					D23785491D12EAED00C36E39 = {
						CreatedOnToolsVersion = 7.3.1;
						TestTargetID = D23785251D12EAED00C36E39;
					};
				};
			};
			buildConfigurationList = D23785211D12EAED00C36E39 /* Build configuration list for PBXProject "FJSCircleProgressImageView" */;
			compatibilityVersion = "Xcode 3.2";
			developmentRegion = English;
			hasScannedForEncodings = 0;
			knownRegions = (
				en,
				Base,
			);
			mainGroup = D237851D1D12EAED00C36E39;
			productRefGroup = D23785271D12EAED00C36E39 /* Products */;
			projectDirPath = "";
			projectRoot = "";
			targets = (
				D23785251D12EAED00C36E39 /* FJSCircleProgressImageView */,
				D237853E1D12EAED00C36E39 /* FJSCircleProgressImageViewTests */,
				D23785491D12EAED00C36E39 /* FJSCircleProgressImageViewUITests */,
			);
		};
/* End PBXProject section */

/* Begin PBXResourcesBuildPhase section */
		D23785241D12EAED00C36E39 /* Resources */ = {
			isa = PBXResourcesBuildPhase;
			buildActionMask = 2147483647;
			files = (
				D23785981D12F39200C36E39 /* Main.storyboard in Resources */,
				D23785391D12EAED00C36E39 /* LaunchScreen.storyboard in Resources */,
				D23785361D12EAED00C36E39 /* Assets.xcassets in Resources */,
			);
			runOnlyForDeploymentPostprocessing = 0;
		};
		D237853D1D12EAED00C36E39 /* Resources */ = {
			isa = PBXResourcesBuildPhase;
			buildActionMask = 2147483647;
			files = (
			);
			runOnlyForDeploymentPostprocessing = 0;
		};
		D23785481D12EAED00C36E39 /* Resources */ = {
			isa = PBXResourcesBuildPhase;
			buildActionMask = 2147483647;
			files = (
			);
			runOnlyForDeploymentPostprocessing = 0;
		};
/* End PBXResourcesBuildPhase section */

/* Begin PBXSourcesBuildPhase section */
		D23785221D12EAED00C36E39 /* Sources */ = {
			isa = PBXSourcesBuildPhase;
			buildActionMask = 2147483647;
			files = (
				D23785311D12EAED00C36E39 /* ViewController.m in Sources */,
				D23785921D12EC0100C36E39 /* UIImageView+HighlightedWebCache.m in Sources */,
				D23785931D12EC0100C36E39 /* UIImageView+WebCache.m in Sources */,
				D23785911D12EC0100C36E39 /* UIImage+WebP.m in Sources */,
				D237858D1D12EC0100C36E39 /* SDWebImagePrefetcher.m in Sources */,
				D237852E1D12EAED00C36E39 /* AppDelegate.m in Sources */,
				D23785891D12EC0100C36E39 /* SDWebImageDecoder.m in Sources */,
				D237858A1D12EC0100C36E39 /* SDWebImageDownloader.m in Sources */,
				D237852B1D12EAED00C36E39 /* main.m in Sources */,
				D237858C1D12EC0100C36E39 /* SDWebImageManager.m in Sources */,
				D23785941D12EC0100C36E39 /* UIView+WebCacheOperation.m in Sources */,
				D237858E1D12EC0100C36E39 /* UIButton+WebCache.m in Sources */,
				D23785901D12EC0100C36E39 /* UIImage+MultiFormat.m in Sources */,
				D23785621D12EBDE00C36E39 /* FJSProgressView.m in Sources */,
				D237858B1D12EC0100C36E39 /* SDWebImageDownloaderOperation.m in Sources */,
				D237858F1D12EC0100C36E39 /* UIImage+GIF.m in Sources */,
				D23785881D12EC0100C36E39 /* SDWebImageCompat.m in Sources */,
				D23785861D12EC0100C36E39 /* NSData+ImageContentType.m in Sources */,
				D237855F1D12EBD100C36E39 /* FJSCircleProgressImageView.m in Sources */,
				D23785851D12EC0100C36E39 /* MKAnnotationView+WebCache.m in Sources */,
				D23785871D12EC0100C36E39 /* SDImageCache.m in Sources */,
			);
			runOnlyForDeploymentPostprocessing = 0;
		};
		D237853B1D12EAED00C36E39 /* Sources */ = {
			isa = PBXSourcesBuildPhase;
			buildActionMask = 2147483647;
			files = (
				D23785441D12EAED00C36E39 /* FJSCircleProgressImageViewTests.m in Sources */,
			);
			runOnlyForDeploymentPostprocessing = 0;
		};
		D23785461D12EAED00C36E39 /* Sources */ = {
			isa = PBXSourcesBuildPhase;
			buildActionMask = 2147483647;
			files = (
				D237854F1D12EAED00C36E39 /* FJSCircleProgressImageViewUITests.m in Sources */,
			);
			runOnlyForDeploymentPostprocessing = 0;
		};
/* End PBXSourcesBuildPhase section */

/* Begin PBXTargetDependency section */
		D23785411D12EAED00C36E39 /* PBXTargetDependency */ = {
			isa = PBXTargetDependency;
			target = D23785251D12EAED00C36E39 /* FJSCircleProgressImageView */;
			targetProxy = D23785401D12EAED00C36E39 /* PBXContainerItemProxy */;
		};
		D237854C1D12EAED00C36E39 /* PBXTargetDependency */ = {
			isa = PBXTargetDependency;
			target = D23785251D12EAED00C36E39 /* FJSCircleProgressImageView */;
			targetProxy = D237854B1D12EAED00C36E39 /* PBXContainerItemProxy */;
		};
/* End PBXTargetDependency section */

/* Begin PBXVariantGroup section */
		D23785371D12EAED00C36E39 /* LaunchScreen.storyboard */ = {
			isa = PBXVariantGroup;
			children = (
				D23785381D12EAED00C36E39 /* Base */,
			);
			name = LaunchScreen.storyboard;
			sourceTree = "<group>";
		};
/* End PBXVariantGroup section */

/* Begin XCBuildConfiguration section */
		D23785511D12EAED00C36E39 /* Debug */ = {
			isa = XCBuildConfiguration;
			buildSettings = {
				ALWAYS_SEARCH_USER_PATHS = NO;
				CLANG_ANALYZER_NONNULL = YES;
				CLANG_CXX_LANGUAGE_STANDARD = "gnu++0x";
				CLANG_CXX_LIBRARY = "libc++";
				CLANG_ENABLE_MODULES = YES;
				CLANG_ENABLE_OBJC_ARC = YES;
				CLANG_WARN_BOOL_CONVERSION = YES;
				CLANG_WARN_CONSTANT_CONVERSION = YES;
				CLANG_WARN_DIRECT_OBJC_ISA_USAGE = YES_ERROR;
				CLANG_WARN_EMPTY_BODY = YES;
				CLANG_WARN_ENUM_CONVERSION = YES;
				CLANG_WARN_INT_CONVERSION = YES;
				CLANG_WARN_OBJC_ROOT_CLASS = YES_ERROR;
				CLANG_WARN_UNREACHABLE_CODE = YES;
				CLANG_WARN__DUPLICATE_METHOD_MATCH = YES;
				"CODE_SIGN_IDENTITY[sdk=iphoneos*]" = "iPhone Developer";
				COPY_PHASE_STRIP = NO;
				DEBUG_INFORMATION_FORMAT = dwarf;
				ENABLE_STRICT_OBJC_MSGSEND = YES;
				ENABLE_TESTABILITY = YES;
				GCC_C_LANGUAGE_STANDARD = gnu99;
				GCC_DYNAMIC_NO_PIC = NO;
				GCC_NO_COMMON_BLOCKS = YES;
				GCC_OPTIMIZATION_LEVEL = 0;
				GCC_PREPROCESSOR_DEFINITIONS = (
					"DEBUG=1",
					"$(inherited)",
				);
				GCC_WARN_64_TO_32_BIT_CONVERSION = YES;
				GCC_WARN_ABOUT_RETURN_TYPE = YES_ERROR;
				GCC_WARN_UNDECLARED_SELECTOR = YES;
				GCC_WARN_UNINITIALIZED_AUTOS = YES_AGGRESSIVE;
				GCC_WARN_UNUSED_FUNCTION = YES;
				GCC_WARN_UNUSED_VARIABLE = YES;
				IPHONEOS_DEPLOYMENT_TARGET = 9.3;
				MTL_ENABLE_DEBUG_INFO = YES;
				ONLY_ACTIVE_ARCH = YES;
				SDKROOT = iphoneos;
			};
			name = Debug;
		};
		D23785521D12EAED00C36E39 /* Release */ = {
			isa = XCBuildConfiguration;
			buildSettings = {
				ALWAYS_SEARCH_USER_PATHS = NO;
				CLANG_ANALYZER_NONNULL = YES;
				CLANG_CXX_LANGUAGE_STANDARD = "gnu++0x";
				CLANG_CXX_LIBRARY = "libc++";
				CLANG_ENABLE_MODULES = YES;
				CLANG_ENABLE_OBJC_ARC = YES;
				CLANG_WARN_BOOL_CONVERSION = YES;
				CLANG_WARN_CONSTANT_CONVERSION = YES;
				CLANG_WARN_DIRECT_OBJC_ISA_USAGE = YES_ERROR;
				CLANG_WARN_EMPTY_BODY = YES;
				CLANG_WARN_ENUM_CONVERSION = YES;
				CLANG_WARN_INT_CONVERSION = YES;
				CLANG_WARN_OBJC_ROOT_CLASS = YES_ERROR;
				CLANG_WARN_UNREACHABLE_CODE = YES;
				CLANG_WARN__DUPLICATE_METHOD_MATCH = YES;
				"CODE_SIGN_IDENTITY[sdk=iphoneos*]" = "iPhone Developer";
				COPY_PHASE_STRIP = NO;
				DEBUG_INFORMATION_FORMAT = "dwarf-with-dsym";
				ENABLE_NS_ASSERTIONS = NO;
				ENABLE_STRICT_OBJC_MSGSEND = YES;
				GCC_C_LANGUAGE_STANDARD = gnu99;
				GCC_NO_COMMON_BLOCKS = YES;
				GCC_WARN_64_TO_32_BIT_CONVERSION = YES;
				GCC_WARN_ABOUT_RETURN_TYPE = YES_ERROR;
				GCC_WARN_UNDECLARED_SELECTOR = YES;
				GCC_WARN_UNINITIALIZED_AUTOS = YES_AGGRESSIVE;
				GCC_WARN_UNUSED_FUNCTION = YES;
				GCC_WARN_UNUSED_VARIABLE = YES;
				IPHONEOS_DEPLOYMENT_TARGET = 9.3;
				MTL_ENABLE_DEBUG_INFO = NO;
				SDKROOT = iphoneos;
				VALIDATE_PRODUCT = YES;
			};
			name = Release;
		};
		D23785541D12EAED00C36E39 /* Debug */ = {
			isa = XCBuildConfiguration;
			buildSettings = {
				ASSETCATALOG_COMPILER_APPICON_NAME = AppIcon;
				INFOPLIST_FILE = FJSCircleProgressImageView/Info.plist;
				IPHONEOS_DEPLOYMENT_TARGET = 8.0;
				LD_RUNPATH_SEARCH_PATHS = "$(inherited) @executable_path/Frameworks";
				PRODUCT_BUNDLE_IDENTIFIER = com.biquu.FJSCircleProgressImageView;
				PRODUCT_NAME = "$(TARGET_NAME)";
			};
			name = Debug;
		};
		D23785551D12EAED00C36E39 /* Release */ = {
			isa = XCBuildConfiguration;
			buildSettings = {
				ASSETCATALOG_COMPILER_APPICON_NAME = AppIcon;
				INFOPLIST_FILE = FJSCircleProgressImageView/Info.plist;
				IPHONEOS_DEPLOYMENT_TARGET = 8.0;
				LD_RUNPATH_SEARCH_PATHS = "$(inherited) @executable_path/Frameworks";
				PRODUCT_BUNDLE_IDENTIFIER = com.biquu.FJSCircleProgressImageView;
				PRODUCT_NAME = "$(TARGET_NAME)";
			};
			name = Release;
		};
		D23785571D12EAED00C36E39 /* Debug */ = {
			isa = XCBuildConfiguration;
			buildSettings = {
				BUNDLE_LOADER = "$(TEST_HOST)";
				INFOPLIST_FILE = FJSCircleProgressImageViewTests/Info.plist;
				LD_RUNPATH_SEARCH_PATHS = "$(inherited) @executable_path/Frameworks @loader_path/Frameworks";
				PRODUCT_BUNDLE_IDENTIFIER = com.biquu.FJSCircleProgressImageViewTests;
				PRODUCT_NAME = "$(TARGET_NAME)";
				TEST_HOST = "$(BUILT_PRODUCTS_DIR)/FJSCircleProgressImageView.app/FJSCircleProgressImageView";
			};
			name = Debug;
		};
		D23785581D12EAED00C36E39 /* Release */ = {
			isa = XCBuildConfiguration;
			buildSettings = {
				BUNDLE_LOADER = "$(TEST_HOST)";
				INFOPLIST_FILE = FJSCircleProgressImageViewTests/Info.plist;
				LD_RUNPATH_SEARCH_PATHS = "$(inherited) @executable_path/Frameworks @loader_path/Frameworks";
				PRODUCT_BUNDLE_IDENTIFIER = com.biquu.FJSCircleProgressImageViewTests;
				PRODUCT_NAME = "$(TARGET_NAME)";
				TEST_HOST = "$(BUILT_PRODUCTS_DIR)/FJSCircleProgressImageView.app/FJSCircleProgressImageView";
			};
			name = Release;
		};
		D237855A1D12EAED00C36E39 /* Debug */ = {
			isa = XCBuildConfiguration;
			buildSettings = {
				INFOPLIST_FILE = FJSCircleProgressImageViewUITests/Info.plist;
				LD_RUNPATH_SEARCH_PATHS = "$(inherited) @executable_path/Frameworks @loader_path/Frameworks";
				PRODUCT_BUNDLE_IDENTIFIER = com.biquu.FJSCircleProgressImageViewUITests;
				PRODUCT_NAME = "$(TARGET_NAME)";
				TEST_TARGET_NAME = FJSCircleProgressImageView;
			};
			name = Debug;
		};
		D237855B1D12EAED00C36E39 /* Release */ = {
			isa = XCBuildConfiguration;
			buildSettings = {
				INFOPLIST_FILE = FJSCircleProgressImageViewUITests/Info.plist;
				LD_RUNPATH_SEARCH_PATHS = "$(inherited) @executable_path/Frameworks @loader_path/Frameworks";
				PRODUCT_BUNDLE_IDENTIFIER = com.biquu.FJSCircleProgressImageViewUITests;
				PRODUCT_NAME = "$(TARGET_NAME)";
				TEST_TARGET_NAME = FJSCircleProgressImageView;
			};
			name = Release;
		};
/* End XCBuildConfiguration section */

/* Begin XCConfigurationList section */
		D23785211D12EAED00C36E39 /* Build configuration list for PBXProject "FJSCircleProgressImageView" */ = {
			isa = XCConfigurationList;
			buildConfigurations = (
				D23785511D12EAED00C36E39 /* Debug */,
				D23785521D12EAED00C36E39 /* Release */,
			);
			defaultConfigurationIsVisible = 0;
			defaultConfigurationName = Release;
		};
		D23785531D12EAED00C36E39 /* Build configuration list for PBXNativeTarget "FJSCircleProgressImageView" */ = {
			isa = XCConfigurationList;
			buildConfigurations = (
				D23785541D12EAED00C36E39 /* Debug */,
				D23785551D12EAED00C36E39 /* Release */,
			);
			defaultConfigurationIsVisible = 0;
		};
		D23785561D12EAED00C36E39 /* Build configuration list for PBXNativeTarget "FJSCircleProgressImageViewTests" */ = {
			isa = XCConfigurationList;
			buildConfigurations = (
				D23785571D12EAED00C36E39 /* Debug */,
				D23785581D12EAED00C36E39 /* Release */,
			);
			defaultConfigurationIsVisible = 0;
		};
		D23785591D12EAED00C36E39 /* Build configuration list for PBXNativeTarget "FJSCircleProgressImageViewUITests" */ = {
			isa = XCConfigurationList;
			buildConfigurations = (
				D237855A1D12EAED00C36E39 /* Debug */,
				D237855B1D12EAED00C36E39 /* Release */,
			);
			defaultConfigurationIsVisible = 0;
		};
/* End XCConfigurationList section */
	};
	rootObject = D237851E1D12EAED00C36E39 /* Project object */;
}
